// !$*UTF8*$!
{
	archiveVersion = 1;
	classes = {
	};
	objectVersion = 77;
	objects = {

/* Begin PBXBuildFile section */
		4203A9504A7824E0CEEE6B82 /* DiktadorTranscriber in Frameworks */ = {isa = PBXBuildFile; productRef = 17B533EDF52DFED1BE5BC79A /* DiktadorTranscriber */; };
		5532D5476F8271F3F0D2EEF4 /* DiktadorHotkey in Frameworks */ = {isa = PBXBuildFile; productRef = 1FACB9F9879D227F1D01FFBE /* DiktadorHotkey */; };
		CBED9DB25384FA74E8C14718 /* DiktadorApp.swift in Sources */ = {isa = PBXBuildFile; fileRef = FFDBCE24FE97B198D07E2EF6 /* DiktadorApp.swift */; };
		E64C4EC48A610C142111E826 /* AppDelegate.swift in Sources */ = {isa = PBXBuildFile; fileRef = 5F04E0887D935D9A8890DE88 /* AppDelegate.swift */; };
		F7DCCD94179810AD16189C29 /* DiktadorRecorder in Frameworks */ = {isa = PBXBuildFile; productRef = DA6475465A7FEAF3CA1EB215 /* DiktadorRecorder */; };
/* End PBXBuildFile section */

/* Begin PBXFileReference section */
		1A184F20C32D2A0549DEB92D /* diktador-transcriber */ = {isa = PBXFileReference; lastKnownFileType = folder; name = "diktador-transcriber"; path = "modules/diktador-transcriber"; sourceTree = SOURCE_ROOT; };
		441F116FEF9B7FFA23B3D88A /* diktador-recorder */ = {isa = PBXFileReference; lastKnownFileType = folder; name = "diktador-recorder"; path = "modules/diktador-recorder"; sourceTree = SOURCE_ROOT; };
		4533454C2C6EB1D49E9687BE /* Diktador.entitlements */ = {isa = PBXFileReference; lastKnownFileType = text.plist.entitlements; path = Diktador.entitlements; sourceTree = "<group>"; };
		5F04E0887D935D9A8890DE88 /* AppDelegate.swift */ = {isa = PBXFileReference; lastKnownFileType = sourcecode.swift; path = AppDelegate.swift; sourceTree = "<group>"; };
		A21310CA90623730919F9A3E /* diktador-hotkey */ = {isa = PBXFileReference; lastKnownFileType = folder; name = "diktador-hotkey"; path = "modules/diktador-hotkey"; sourceTree = SOURCE_ROOT; };
		BFA7F30F0BFCD6F60F1A9A8B /* Diktador.app */ = {isa = PBXFileReference; explicitFileType = wrapper.application; includeInIndex = 0; path = Diktador.app; sourceTree = BUILT_PRODUCTS_DIR; };
		FFDBCE24FE97B198D07E2EF6 /* DiktadorApp.swift */ = {isa = PBXFileReference; lastKnownFileType = sourcecode.swift; path = DiktadorApp.swift; sourceTree = "<group>"; };
/* End PBXFileReference section */

/* Begin PBXFrameworksBuildPhase section */
		203B7E0BF17EF7CD423DF162 /* Frameworks */ = {
			isa = PBXFrameworksBuildPhase;
			buildActionMask = 2147483647;
			files = (
				5532D5476F8271F3F0D2EEF4 /* DiktadorHotkey in Frameworks */,
				F7DCCD94179810AD16189C29 /* DiktadorRecorder in Frameworks */,
				4203A9504A7824E0CEEE6B82 /* DiktadorTranscriber in Frameworks */,
			);
			runOnlyForDeploymentPostprocessing = 0;
		};
/* End PBXFrameworksBuildPhase section */

/* Begin PBXGroup section */
		1F377D0E6B8A9BC76F90B41D /* Products */ = {
			isa = PBXGroup;
			children = (
				BFA7F30F0BFCD6F60F1A9A8B /* Diktador.app */,
			);
			name = Products;
			sourceTree = "<group>";
		};
		8CDEA4BBD848F421712723F3 /* Diktador */ = {
			isa = PBXGroup;
			children = (
				5F04E0887D935D9A8890DE88 /* AppDelegate.swift */,
				4533454C2C6EB1D49E9687BE /* Diktador.entitlements */,
				FFDBCE24FE97B198D07E2EF6 /* DiktadorApp.swift */,
			);
			path = Diktador;
			sourceTree = "<group>";
		};
		B0B5B9410F2967988D7EF56A = {
			isa = PBXGroup;
			children = (
				8CDEA4BBD848F421712723F3 /* Diktador */,
				C897877EA592EA66FF9580DD /* Packages */,
				1F377D0E6B8A9BC76F90B41D /* Products */,
			);
			sourceTree = "<group>";
		};
		C897877EA592EA66FF9580DD /* Packages */ = {
			isa = PBXGroup;
			children = (
				A21310CA90623730919F9A3E /* diktador-hotkey */,
				441F116FEF9B7FFA23B3D88A /* diktador-recorder */,
				1A184F20C32D2A0549DEB92D /* diktador-transcriber */,
			);
			name = Packages;
			sourceTree = "<group>";
		};
/* End PBXGroup section */

/* Begin PBXNativeTarget section */
		58D5564C13377DD7FD97BDF6 /* Diktador */ = {
			isa = PBXNativeTarget;
			buildConfigurationList = 87EB569F953833F4782FF9A7 /* Build configuration list for PBXNativeTarget "Diktador" */;
			buildPhases = (
				D4860C0718139B73E0C99FFA /* Sources */,
				203B7E0BF17EF7CD423DF162 /* Frameworks */,
			);
			buildRules = (
			);
			dependencies = (
			);
			name = Diktador;
			packageProductDependencies = (
				1FACB9F9879D227F1D01FFBE /* DiktadorHotkey */,
				DA6475465A7FEAF3CA1EB215 /* DiktadorRecorder */,
				17B533EDF52DFED1BE5BC79A /* DiktadorTranscriber */,
			);
			productName = Diktador;
			productReference = BFA7F30F0BFCD6F60F1A9A8B /* Diktador.app */;
			productType = "com.apple.product-type.application";
		};
/* End PBXNativeTarget section */

/* Begin PBXProject section */
		453FE5154C18123BCB1DC46E /* Project object */ = {
			isa = PBXProject;
			attributes = {
				BuildIndependentTargetsInParallel = YES;
				LastUpgradeCheck = 1430;
				TargetAttributes = {
					58D5564C13377DD7FD97BDF6 = {
						DevelopmentTeam = "";
						ProvisioningStyle = Automatic;
					};
				};
			};
			buildConfigurationList = 5504C564FD0F50F6B85A6F39 /* Build configuration list for PBXProject "Diktador" */;
			developmentRegion = en;
			hasScannedForEncodings = 0;
			knownRegions = (
				Base,
				en,
			);
			mainGroup = B0B5B9410F2967988D7EF56A;
			minimizedProjectReferenceProxies = 1;
			packageReferences = (
				FE09E07320DCCECF43AB0AFC /* XCLocalSwiftPackageReference "modules/diktador-hotkey" */,
				8D8C79E7C14E0B076DF5C883 /* XCLocalSwiftPackageReference "modules/diktador-recorder" */,
				E361BDDB709BCDD35CF7D681 /* XCLocalSwiftPackageReference "modules/diktador-transcriber" */,
			);
			preferredProjectObjectVersion = 77;
			productRefGroup = 1F377D0E6B8A9BC76F90B41D /* Products */;
			projectDirPath = "";
			projectRoot = "";
			targets = (
				58D5564C13377DD7FD97BDF6 /* Diktador */,
			);
		};
/* End PBXProject section */

/* Begin PBXSourcesBuildPhase section */
		D4860C0718139B73E0C99FFA /* Sources */ = {
			isa = PBXSourcesBuildPhase;
			buildActionMask = 2147483647;
			files = (
				E64C4EC48A610C142111E826 /* AppDelegate.swift in Sources */,
				CBED9DB25384FA74E8C14718 /* DiktadorApp.swift in Sources */,
			);
			runOnlyForDeploymentPostprocessing = 0;
		};
/* End PBXSourcesBuildPhase section */

/* Begin XCBuildConfiguration section */
		2F74DD9C6264EF5FBB832B45 /* Debug */ = {
			isa = XCBuildConfiguration;
			buildSettings = {
				ASSETCATALOG_COMPILER_APPICON_NAME = AppIcon;
				CODE_SIGN_ENTITLEMENTS = Diktador/Diktador.entitlements;
				COMBINE_HIDPI_IMAGES = YES;
				CURRENT_PROJECT_VERSION = 1;
				GENERATE_INFOPLIST_FILE = YES;
				INFOPLIST_KEY_CFBundleDisplayName = Diktador;
				INFOPLIST_KEY_LSUIElement = YES;
				INFOPLIST_KEY_NSHumanReadableCopyright = "";
				INFOPLIST_KEY_NSMicrophoneUsageDescription = "Diktador uses your microphone to transcribe speech.";
				LD_RUNPATH_SEARCH_PATHS = (
					"$(inherited)",
					"@executable_path/../Frameworks",
				);
				MACOSX_DEPLOYMENT_TARGET = 14.0;
				MARKETING_VERSION = 0.1.0;
				PRODUCT_BUNDLE_IDENTIFIER = com.noelferrer.Diktador;
				PRODUCT_NAME = Diktador;
				SDKROOT = macosx;
			};
			name = Debug;
		};
		4EBA4E3EC29D12FEB258FF86 /* Debug */ = {
			isa = XCBuildConfiguration;
			buildSettings = {
				ALWAYS_SEARCH_USER_PATHS = NO;
				CLANG_ANALYZER_NONNULL = YES;
				CLANG_ANALYZER_NUMBER_OBJECT_CONVERSION = YES_AGGRESSIVE;
				CLANG_CXX_LANGUAGE_STANDARD = "gnu++14";
				CLANG_CXX_LIBRARY = "libc++";
				CLANG_ENABLE_MODULES = YES;
				CLANG_ENABLE_OBJC_ARC = YES;
				CLANG_ENABLE_OBJC_WEAK = YES;
				CLANG_WARN_BLOCK_CAPTURE_AUTORELEASING = YES;
				CLANG_WARN_BOOL_CONVERSION = YES;
				CLANG_WARN_COMMA = YES;
				CLANG_WARN_CONSTANT_CONVERSION = YES;
				CLANG_WARN_DEPRECATED_OBJC_IMPLEMENTATIONS = YES;
				CLANG_WARN_DIRECT_OBJC_ISA_USAGE = YES_ERROR;
				CLANG_WARN_DOCUMENTATION_COMMENTS = YES;
				CLANG_WARN_EMPTY_BODY = YES;
				CLANG_WARN_ENUM_CONVERSION = YES;
				CLANG_WARN_INFINITE_RECURSION = YES;
				CLANG_WARN_INT_CONVERSION = YES;
				CLANG_WARN_NON_LITERAL_NULL_CONVERSION = YES;
				CLANG_WARN_OBJC_IMPLICIT_RETAIN_SELF = YES;
				CLANG_WARN_OBJC_LITERAL_CONVERSION = YES;
				CLANG_WARN_OBJC_ROOT_CLASS = YES_ERROR;
				CLANG_WARN_QUOTED_INCLUDE_IN_FRAMEWORK_HEADER = YES;
				CLANG_WARN_RANGE_LOOP_ANALYSIS = YES;
				CLANG_WARN_STRICT_PROTOTYPES = YES;
				CLANG_WARN_SUSPICIOUS_MOVE = YES;
				CLANG_WARN_UNGUARDED_AVAILABILITY = YES_AGGRESSIVE;
				CLANG_WARN_UNREACHABLE_CODE = YES;
				CLANG_WARN__DUPLICATE_METHOD_MATCH = YES;
				CODE_SIGN_IDENTITY = "-";
				CODE_SIGN_STYLE = Automatic;
				COPY_PHASE_STRIP = NO;
				DEBUG_INFORMATION_FORMAT = dwarf;
				DEVELOPMENT_TEAM = "";
				ENABLE_HARDENED_RUNTIME = YES;
				ENABLE_STRICT_OBJC_MSGSEND = YES;
				ENABLE_TESTABILITY = YES;
				GCC_C_LANGUAGE_STANDARD = gnu11;
				GCC_DYNAMIC_NO_PIC = NO;
				GCC_NO_COMMON_BLOCKS = YES;
				GCC_OPTIMIZATION_LEVEL = 0;
				GCC_PREPROCESSOR_DEFINITIONS = (
					"$(inherited)",
					"DEBUG=1",
				);
				GCC_WARN_64_TO_32_BIT_CONVERSION = YES;
				GCC_WARN_ABOUT_RETURN_TYPE = YES_ERROR;
				GCC_WARN_UNDECLARED_SELECTOR = YES;
				GCC_WARN_UNINITIALIZED_AUTOS = YES_AGGRESSIVE;
				GCC_WARN_UNUSED_FUNCTION = YES;
				GCC_WARN_UNUSED_VARIABLE = YES;
				MACOSX_DEPLOYMENT_TARGET = 14.0;
				MTL_ENABLE_DEBUG_INFO = INCLUDE_SOURCE;
				MTL_FAST_MATH = YES;
				ONLY_ACTIVE_ARCH = YES;
				PRODUCT_NAME = "$(TARGET_NAME)";
				SDKROOT = macosx;
				SWIFT_ACTIVE_COMPILATION_CONDITIONS = DEBUG;
				SWIFT_OPTIMIZATION_LEVEL = "-Onone";
				SWIFT_VERSION = 5.10;
			};
			name = Debug;
		};
		6E57015AB69E0895164742D5 /* Release */ = {
			isa = XCBuildConfiguration;
			buildSettings = {
				ALWAYS_SEARCH_USER_PATHS = NO;
				CLANG_ANALYZER_NONNULL = YES;
				CLANG_ANALYZER_NUMBER_OBJECT_CONVERSION = YES_AGGRESSIVE;
				CLANG_CXX_LANGUAGE_STANDARD = "gnu++14";
				CLANG_CXX_LIBRARY = "libc++";
				CLANG_ENABLE_MODULES = YES;
				CLANG_ENABLE_OBJC_ARC = YES;
				CLANG_ENABLE_OBJC_WEAK = YES;
				CLANG_WARN_BLOCK_CAPTURE_AUTORELEASING = YES;
				CLANG_WARN_BOOL_CONVERSION = YES;
				CLANG_WARN_COMMA = YES;
				CLANG_WARN_CONSTANT_CONVERSION = YES;
				CLANG_WARN_DEPRECATED_OBJC_IMPLEMENTATIONS = YES;
				CLANG_WARN_DIRECT_OBJC_ISA_USAGE = YES_ERROR;
				CLANG_WARN_DOCUMENTATION_COMMENTS = YES;
				CLANG_WARN_EMPTY_BODY = YES;
				CLANG_WARN_ENUM_CONVERSION = YES;
				CLANG_WARN_INFINITE_RECURSION = YES;
				CLANG_WARN_INT_CONVERSION = YES;
				CLANG_WARN_NON_LITERAL_NULL_CONVERSION = YES;
				CLANG_WARN_OBJC_IMPLICIT_RETAIN_SELF = YES;
				CLANG_WARN_OBJC_LITERAL_CONVERSION = YES;
				CLANG_WARN_OBJC_ROOT_CLASS = YES_ERROR;
				CLANG_WARN_QUOTED_INCLUDE_IN_FRAMEWORK_HEADER = YES;
				CLANG_WARN_RANGE_LOOP_ANALYSIS = YES;
				CLANG_WARN_STRICT_PROTOTYPES = YES;
				CLANG_WARN_SUSPICIOUS_MOVE = YES;
				CLANG_WARN_UNGUARDED_AVAILABILITY = YES_AGGRESSIVE;
				CLANG_WARN_UNREACHABLE_CODE = YES;
				CLANG_WARN__DUPLICATE_METHOD_MATCH = YES;
				CODE_SIGN_IDENTITY = "-";
				CODE_SIGN_STYLE = Automatic;
				COPY_PHASE_STRIP = NO;
				DEBUG_INFORMATION_FORMAT = "dwarf-with-dsym";
				DEVELOPMENT_TEAM = "";
				ENABLE_HARDENED_RUNTIME = YES;
				ENABLE_NS_ASSERTIONS = NO;
				ENABLE_STRICT_OBJC_MSGSEND = YES;
				GCC_C_LANGUAGE_STANDARD = gnu11;
				GCC_NO_COMMON_BLOCKS = YES;
				GCC_WARN_64_TO_32_BIT_CONVERSION = YES;
				GCC_WARN_ABOUT_RETURN_TYPE = YES_ERROR;
				GCC_WARN_UNDECLARED_SELECTOR = YES;
				GCC_WARN_UNINITIALIZED_AUTOS = YES_AGGRESSIVE;
				GCC_WARN_UNUSED_FUNCTION = YES;
				GCC_WARN_UNUSED_VARIABLE = YES;
				MACOSX_DEPLOYMENT_TARGET = 14.0;
				MTL_ENABLE_DEBUG_INFO = NO;
				MTL_FAST_MATH = YES;
				PRODUCT_NAME = "$(TARGET_NAME)";
				SDKROOT = macosx;
				SWIFT_COMPILATION_MODE = wholemodule;
				SWIFT_OPTIMIZATION_LEVEL = "-O";
				SWIFT_VERSION = 5.10;
			};
			name = Release;
		};
		D21027651C0F1D85647209A3 /* Release */ = {
			isa = XCBuildConfiguration;
			buildSettings = {
				ASSETCATALOG_COMPILER_APPICON_NAME = AppIcon;
				CODE_SIGN_ENTITLEMENTS = Diktador/Diktador.entitlements;
				COMBINE_HIDPI_IMAGES = YES;
				CURRENT_PROJECT_VERSION = 1;
				GENERATE_INFOPLIST_FILE = YES;
				INFOPLIST_KEY_CFBundleDisplayName = Diktador;
				INFOPLIST_KEY_LSUIElement = YES;
				INFOPLIST_KEY_NSHumanReadableCopyright = "";
				INFOPLIST_KEY_NSMicrophoneUsageDescription = "Diktador uses your microphone to transcribe speech.";
				LD_RUNPATH_SEARCH_PATHS = (
					"$(inherited)",
					"@executable_path/../Frameworks",
				);
				MACOSX_DEPLOYMENT_TARGET = 14.0;
				MARKETING_VERSION = 0.1.0;
				PRODUCT_BUNDLE_IDENTIFIER = com.noelferrer.Diktador;
				PRODUCT_NAME = Diktador;
				SDKROOT = macosx;
			};
			name = Release;
		};
/* End XCBuildConfiguration section */

/* Begin XCConfigurationList section */
		5504C564FD0F50F6B85A6F39 /* Build configuration list for PBXProject "Diktador" */ = {
			isa = XCConfigurationList;
			buildConfigurations = (
				4EBA4E3EC29D12FEB258FF86 /* Debug */,
				6E57015AB69E0895164742D5 /* Release */,
			);
			defaultConfigurationIsVisible = 0;
			defaultConfigurationName = Debug;
		};
		87EB569F953833F4782FF9A7 /* Build configuration list for PBXNativeTarget "Diktador" */ = {
			isa = XCConfigurationList;
			buildConfigurations = (
				2F74DD9C6264EF5FBB832B45 /* Debug */,
				D21027651C0F1D85647209A3 /* Release */,
			);
			defaultConfigurationIsVisible = 0;
			defaultConfigurationName = Debug;
		};
/* End XCConfigurationList section */

/* Begin XCLocalSwiftPackageReference section */
		8D8C79E7C14E0B076DF5C883 /* XCLocalSwiftPackageReference "modules/diktador-recorder" */ = {
			isa = XCLocalSwiftPackageReference;
			relativePath = "modules/diktador-recorder";
		};
		E361BDDB709BCDD35CF7D681 /* XCLocalSwiftPackageReference "modules/diktador-transcriber" */ = {
			isa = XCLocalSwiftPackageReference;
			relativePath = "modules/diktador-transcriber";
		};
		FE09E07320DCCECF43AB0AFC /* XCLocalSwiftPackageReference "modules/diktador-hotkey" */ = {
			isa = XCLocalSwiftPackageReference;
			relativePath = "modules/diktador-hotkey";
		};
/* End XCLocalSwiftPackageReference section */

/* Begin XCSwiftPackageProductDependency section */
		17B533EDF52DFED1BE5BC79A /* DiktadorTranscriber */ = {
			isa = XCSwiftPackageProductDependency;
			productName = DiktadorTranscriber;
		};
		1FACB9F9879D227F1D01FFBE /* DiktadorHotkey */ = {
			isa = XCSwiftPackageProductDependency;
			productName = DiktadorHotkey;
		};
		DA6475465A7FEAF3CA1EB215 /* DiktadorRecorder */ = {
			isa = XCSwiftPackageProductDependency;
			productName = DiktadorRecorder;
		};
/* End XCSwiftPackageProductDependency section */
	};
	rootObject = 453FE5154C18123BCB1DC46E /* Project object */;
}
